
Microsoft Visual Studio Solution File, Format Version 12.00
# Visual Studio 15
VisualStudioVersion = 15.0.27130.2010
MinimumVisualStudioVersion = 10.0.40219.1
Project("{FAE04EC0-301F-11D3-BF4B-00C04F79EFBC}") = "Draft", "Draft\Draft.csproj", "{4B427B8B-3987-4311-A29B-355984220D96}"
EndProject
Global
	GlobalSection(SolutionConfigurationPlatforms) = preSolution
		Debug|Any CPU = Debug|Any CPU
		Release|Any CPU = Release|Any CPU
	EndGlobalSection
	GlobalSection(ProjectConfigurationPlatforms) = postSolution
		{4B427B8B-3987-4311-A29B-355984220D96}.Debug|Any CPU.ActiveCfg = Debug|Any CPU
		{4B427B8B-3987-4311-A29B-355984220D96}.Debug|Any CPU.Build.0 = Debug|Any CPU
		{4B427B8B-3987-4311-A29B-355984220D96}.Release|Any CPU.ActiveCfg = Release|Any CPU
		{4B427B8B-3987-4311-A29B-355984220D96}.Release|Any CPU.Build.0 = Release|Any CPU
	EndGlobalSection
	GlobalSection(SolutionProperties) = preSolution
		HideSolutionNode = FALSE
	EndGlobalSection
	GlobalSection(ExtensibilityGlobals) = postSolution
		SolutionGuid = {0E663941-59BA-4260-9C03-2692E6014A0D}
	EndGlobalSection
EndGlobal
